{
  "requires": true,
  "lockfileVersion": 1,
  "dependencies": {
    "vue-cli-plugin-moment": {
      "version": "0.1.1",
      "resolved": "https://registry.npmjs.org/vue-cli-plugin-moment/-/vue-cli-plugin-moment-0.1.1.tgz",
      "integrity": "sha512-4IaEjKKSMP2AbizTO735vaZ2H3nTgdcOoFAHpKnW1VHjGu+n1iAI4WwZsKmQCbemMpmG0ehEqEdciYAtezZ0NA==",
      "dev": true
    }
  }
}
